// !$*UTF8*$!
{
	archiveVersion = 1;
	classes = {
	};
	objectVersion = 56;
	objects = {

/* Begin PBXBuildFile section */
		1B3E76B92A6F671900F1C3D8 /* Call_App.swift in Sources */ = {isa = PBXBuildFile; fileRef = 1B3E76B82A6F671900F1C3D8 /* Call_App.swift */; };
		1B3E76BB2A6F671900F1C3D8 /* ContentView.swift in Sources */ = {isa = PBXBuildFile; fileRef = 1B3E76BA2A6F671900F1C3D8 /* ContentView.swift */; };
		1B3E76BD2A6F671D00F1C3D8 /* Assets.xcassets in Resources */ = {isa = PBXBuildFile; fileRef = 1B3E76BC2A6F671D00F1C3D8 /* Assets.xcassets */; };
		1B3E76C02A6F671D00F1C3D8 /* Preview Assets.xcassets in Resources */ = {isa = PBXBuildFile; fileRef = 1B3E76BF2A6F671D00F1C3D8 /* Preview Assets.xcassets */; };
		1B3E76CA2A6F671D00F1C3D8 /* Call_AppTests.swift in Sources */ = {isa = PBXBuildFile; fileRef = 1B3E76C92A6F671D00F1C3D8 /* Call_AppTests.swift */; };
		1B3E76D42A6F671D00F1C3D8 /* Call_AppUITests.swift in Sources */ = {isa = PBXBuildFile; fileRef = 1B3E76D32A6F671D00F1C3D8 /* Call_AppUITests.swift */; };
		1B3E76D62A6F671D00F1C3D8 /* Call_AppUITestsLaunchTests.swift in Sources */ = {isa = PBXBuildFile; fileRef = 1B3E76D52A6F671D00F1C3D8 /* Call_AppUITestsLaunchTests.swift */; };
		1B3E76E32A71CF7000F1C3D8 /* Gmail-logo.svg in Resources */ = {isa = PBXBuildFile; fileRef = 1B3E76E22A71CF7000F1C3D8 /* Gmail-logo.svg */; };
		1B5A2E7B2A778D47004148EE /* LoginForm.swift in Sources */ = {isa = PBXBuildFile; fileRef = 1B5A2E7A2A778D47004148EE /* LoginForm.swift */; };
		1B5A2E7D2A778D75004148EE /* ReservationForm.swift in Sources */ = {isa = PBXBuildFile; fileRef = 1B5A2E7C2A778D75004148EE /* ReservationForm.swift */; };
		1B5A2E7F2A778E59004148EE /* Models.swift in Sources */ = {isa = PBXBuildFile; fileRef = 1B5A2E7E2A778E59004148EE /* Models.swift */; };
		1B5A2E812A778FAD004148EE /* SignUpView.swift in Sources */ = {isa = PBXBuildFile; fileRef = 1B5A2E802A778FAD004148EE /* SignUpView.swift */; };
		1BB3C0752A868BF7002E8121 /* SignIn_withGoogle.swift in Sources */ = {isa = PBXBuildFile; fileRef = 1BB3C0742A868BF7002E8121 /* SignIn_withGoogle.swift */; };
		1BB3C0782A868ED3002E8121 /* Application.swift in Sources */ = {isa = PBXBuildFile; fileRef = 1BB3C0772A868ED3002E8121 /* Application.swift */; };
		1BEAF9392A8177980021EAF8 /* MapViews.swift in Sources */ = {isa = PBXBuildFile; fileRef = 1BEAF9382A8177970021EAF8 /* MapViews.swift */; };
		1BEAF93B2A8177D80021EAF8 /* PlaceListView.swift in Sources */ = {isa = PBXBuildFile; fileRef = 1BEAF93A2A8177D80021EAF8 /* PlaceListView.swift */; };
		1BEAF93E2A8178150021EAF8 /* Landmark.swift in Sources */ = {isa = PBXBuildFile; fileRef = 1BEAF93D2A8178150021EAF8 /* Landmark.swift */; };
		1BEAF9402A81783D0021EAF8 /* LandmarkAnnotation.swift in Sources */ = {isa = PBXBuildFile; fileRef = 1BEAF93F2A81783D0021EAF8 /* LandmarkAnnotation.swift */; };
		1BEAF9432A8178760021EAF8 /* LocationManager.swift in Sources */ = {isa = PBXBuildFile; fileRef = 1BEAF9422A8178760021EAF8 /* LocationManager.swift */; };
		1BEAF9452A8178D80021EAF8 /* AppDelegate.swift in Sources */ = {isa = PBXBuildFile; fileRef = 1BEAF9442A8178D80021EAF8 /* AppDelegate.swift */; };
		1BEAF9472A8179700021EAF8 /* SceneDelegate.swift in Sources */ = {isa = PBXBuildFile; fileRef = 1BEAF9462A8179700021EAF8 /* SceneDelegate.swift */; };
		1BEAF94A2A85DC0D0021EAF8 /* FirebaseAuth in Frameworks */ = {isa = PBXBuildFile; productRef = 1BEAF9492A85DC0D0021EAF8 /* FirebaseAuth */; };
		1BEAF94C2A85DC0D0021EAF8 /* FirebaseDatabase in Frameworks */ = {isa = PBXBuildFile; productRef = 1BEAF94B2A85DC0D0021EAF8 /* FirebaseDatabase */; };
		1BEAF94E2A85DC0D0021EAF8 /* FirebaseDatabaseSwift in Frameworks */ = {isa = PBXBuildFile; productRef = 1BEAF94D2A85DC0D0021EAF8 /* FirebaseDatabaseSwift */; };
		1BEAF9512A85DF4D0021EAF8 /* GoogleSignIn in Frameworks */ = {isa = PBXBuildFile; productRef = 1BEAF9502A85DF4D0021EAF8 /* GoogleSignIn */; };
		1BEAF9532A85DF4D0021EAF8 /* GoogleSignInSwift in Frameworks */ = {isa = PBXBuildFile; productRef = 1BEAF9522A85DF4D0021EAF8 /* GoogleSignInSwift */; };
		1BEAF9562A85E12C0021EAF8 /* GoogleService-Info.plist in Resources */ = {isa = PBXBuildFile; fileRef = 1BEAF9552A85E12C0021EAF8 /* GoogleService-Info.plist */; };
/* End PBXBuildFile section */

/* Begin PBXContainerItemProxy section */
		1B3E76C62A6F671D00F1C3D8 /* PBXContainerItemProxy */ = {
			isa = PBXContainerItemProxy;
			containerPortal = 1B3E76AD2A6F671900F1C3D8 /* Project object */;
			proxyType = 1;
			remoteGlobalIDString = 1B3E76B42A6F671900F1C3D8;
			remoteInfo = "Call App";
		};
		1B3E76D02A6F671D00F1C3D8 /* PBXContainerItemProxy */ = {
			isa = PBXContainerItemProxy;
			containerPortal = 1B3E76AD2A6F671900F1C3D8 /* Project object */;
			proxyType = 1;
			remoteGlobalIDString = 1B3E76B42A6F671900F1C3D8;
			remoteInfo = "Call App";
		};
/* End PBXContainerItemProxy section */

/* Begin PBXFileReference section */
		1B3E76B52A6F671900F1C3D8 /* Call App.app */ = {isa = PBXFileReference; explicitFileType = wrapper.application; includeInIndex = 0; path = "Call App.app"; sourceTree = BUILT_PRODUCTS_DIR; };
		1B3E76B82A6F671900F1C3D8 /* Call_App.swift */ = {isa = PBXFileReference; lastKnownFileType = sourcecode.swift; path = Call_App.swift; sourceTree = "<group>"; };
		1B3E76BA2A6F671900F1C3D8 /* ContentView.swift */ = {isa = PBXFileReference; lastKnownFileType = sourcecode.swift; path = ContentView.swift; sourceTree = "<group>"; };
		1B3E76BC2A6F671D00F1C3D8 /* Assets.xcassets */ = {isa = PBXFileReference; lastKnownFileType = folder.assetcatalog; path = Assets.xcassets; sourceTree = "<group>"; };
		1B3E76BF2A6F671D00F1C3D8 /* Preview Assets.xcassets */ = {isa = PBXFileReference; lastKnownFileType = folder.assetcatalog; path = "Preview Assets.xcassets"; sourceTree = "<group>"; };
		1B3E76C52A6F671D00F1C3D8 /* Call AppTests.xctest */ = {isa = PBXFileReference; explicitFileType = wrapper.cfbundle; includeInIndex = 0; path = "Call AppTests.xctest"; sourceTree = BUILT_PRODUCTS_DIR; };
		1B3E76C92A6F671D00F1C3D8 /* Call_AppTests.swift */ = {isa = PBXFileReference; lastKnownFileType = sourcecode.swift; path = Call_AppTests.swift; sourceTree = "<group>"; };
		1B3E76CF2A6F671D00F1C3D8 /* Call AppUITests.xctest */ = {isa = PBXFileReference; explicitFileType = wrapper.cfbundle; includeInIndex = 0; path = "Call AppUITests.xctest"; sourceTree = BUILT_PRODUCTS_DIR; };
		1B3E76D32A6F671D00F1C3D8 /* Call_AppUITests.swift */ = {isa = PBXFileReference; lastKnownFileType = sourcecode.swift; path = Call_AppUITests.swift; sourceTree = "<group>"; };
		1B3E76D52A6F671D00F1C3D8 /* Call_AppUITestsLaunchTests.swift */ = {isa = PBXFileReference; lastKnownFileType = sourcecode.swift; path = Call_AppUITestsLaunchTests.swift; sourceTree = "<group>"; };
		1B3E76E22A71CF7000F1C3D8 /* Gmail-logo.svg */ = {isa = PBXFileReference; fileEncoding = 4; lastKnownFileType = text; name = "Gmail-logo.svg"; path = "../../../../Downloads/Gmail-logo.svg"; sourceTree = "<group>"; };
		1B5A2E7A2A778D47004148EE /* LoginForm.swift */ = {isa = PBXFileReference; lastKnownFileType = sourcecode.swift; path = LoginForm.swift; sourceTree = "<group>"; };
		1B5A2E7C2A778D75004148EE /* ReservationForm.swift */ = {isa = PBXFileReference; lastKnownFileType = sourcecode.swift; path = ReservationForm.swift; sourceTree = "<group>"; };
		1B5A2E7E2A778E59004148EE /* Models.swift */ = {isa = PBXFileReference; lastKnownFileType = sourcecode.swift; path = Models.swift; sourceTree = "<group>"; };
		1B5A2E802A778FAD004148EE /* SignUpView.swift */ = {isa = PBXFileReference; lastKnownFileType = sourcecode.swift; path = SignUpView.swift; sourceTree = "<group>"; };
		1BB3C0742A868BF7002E8121 /* SignIn_withGoogle.swift */ = {isa = PBXFileReference; lastKnownFileType = sourcecode.swift; path = SignIn_withGoogle.swift; sourceTree = "<group>"; };
		1BB3C0772A868ED3002E8121 /* Application.swift */ = {isa = PBXFileReference; lastKnownFileType = sourcecode.swift; path = Application.swift; sourceTree = "<group>"; };
		1BEAF9382A8177970021EAF8 /* MapViews.swift */ = {isa = PBXFileReference; lastKnownFileType = sourcecode.swift; path = MapViews.swift; sourceTree = "<group>"; };
		1BEAF93A2A8177D80021EAF8 /* PlaceListView.swift */ = {isa = PBXFileReference; lastKnownFileType = sourcecode.swift; path = PlaceListView.swift; sourceTree = "<group>"; };
		1BEAF93D2A8178150021EAF8 /* Landmark.swift */ = {isa = PBXFileReference; lastKnownFileType = sourcecode.swift; path = Landmark.swift; sourceTree = "<group>"; };
		1BEAF93F2A81783D0021EAF8 /* LandmarkAnnotation.swift */ = {isa = PBXFileReference; lastKnownFileType = sourcecode.swift; path = LandmarkAnnotation.swift; sourceTree = "<group>"; };
		1BEAF9422A8178760021EAF8 /* LocationManager.swift */ = {isa = PBXFileReference; lastKnownFileType = sourcecode.swift; path = LocationManager.swift; sourceTree = "<group>"; };
		1BEAF9442A8178D80021EAF8 /* AppDelegate.swift */ = {isa = PBXFileReference; lastKnownFileType = sourcecode.swift; path = AppDelegate.swift; sourceTree = "<group>"; };
		1BEAF9462A8179700021EAF8 /* SceneDelegate.swift */ = {isa = PBXFileReference; lastKnownFileType = sourcecode.swift; path = SceneDelegate.swift; sourceTree = "<group>"; };
		1BEAF9552A85E12C0021EAF8 /* GoogleService-Info.plist */ = {isa = PBXFileReference; fileEncoding = 4; lastKnownFileType = text.plist.xml; name = "GoogleService-Info.plist"; path = "../../../../Downloads/GoogleService-Info.plist"; sourceTree = "<group>"; };
/* End PBXFileReference section */

/* Begin PBXFrameworksBuildPhase section */
		1B3E76B22A6F671900F1C3D8 /* Frameworks */ = {
			isa = PBXFrameworksBuildPhase;
			buildActionMask = 2147483647;
			files = (
				1BEAF9532A85DF4D0021EAF8 /* GoogleSignInSwift in Frameworks */,
				1BEAF94E2A85DC0D0021EAF8 /* FirebaseDatabaseSwift in Frameworks */,
				1BEAF9512A85DF4D0021EAF8 /* GoogleSignIn in Frameworks */,
				1BEAF94C2A85DC0D0021EAF8 /* FirebaseDatabase in Frameworks */,
				1BEAF94A2A85DC0D0021EAF8 /* FirebaseAuth in Frameworks */,
			);
			runOnlyForDeploymentPostprocessing = 0;
		};
		1B3E76C22A6F671D00F1C3D8 /* Frameworks */ = {
			isa = PBXFrameworksBuildPhase;
			buildActionMask = 2147483647;
			files = (
			);
			runOnlyForDeploymentPostprocessing = 0;
		};
		1B3E76CC2A6F671D00F1C3D8 /* Frameworks */ = {
			isa = PBXFrameworksBuildPhase;
			buildActionMask = 2147483647;
			files = (
			);
			runOnlyForDeploymentPostprocessing = 0;
		};
/* End PBXFrameworksBuildPhase section */

/* Begin PBXGroup section */
		1B3E76AC2A6F671900F1C3D8 = {
			isa = PBXGroup;
			children = (
				1B3E76B72A6F671900F1C3D8 /* Call App */,
				1B3E76C82A6F671D00F1C3D8 /* Call AppTests */,
				1B3E76D22A6F671D00F1C3D8 /* Call AppUITests */,
				1B3E76B62A6F671900F1C3D8 /* Products */,
			);
			sourceTree = "<group>";
		};
		1B3E76B62A6F671900F1C3D8 /* Products */ = {
			isa = PBXGroup;
			children = (
				1B3E76B52A6F671900F1C3D8 /* Call App.app */,
				1B3E76C52A6F671D00F1C3D8 /* Call AppTests.xctest */,
				1B3E76CF2A6F671D00F1C3D8 /* Call AppUITests.xctest */,
			);
			name = Products;
			sourceTree = "<group>";
		};
		1B3E76B72A6F671900F1C3D8 /* Call App */ = {
			isa = PBXGroup;
			children = (
				1BEAF9552A85E12C0021EAF8 /* GoogleService-Info.plist */,
				1BEAF93C2A8177FF0021EAF8 /* Models */,
				1BB3C0762A868EBB002E8121 /* Components */,
				1BEAF9412A81785B0021EAF8 /* Managers */,
				1BEAF9372A81776E0021EAF8 /* Views */,
				1B3E76B82A6F671900F1C3D8 /* Call_App.swift */,
				1B5A2E7E2A778E59004148EE /* Models.swift */,
				1B3E76BA2A6F671900F1C3D8 /* ContentView.swift */,
				1B5A2E802A778FAD004148EE /* SignUpView.swift */,
				1B5A2E7A2A778D47004148EE /* LoginForm.swift */,
				1B5A2E7C2A778D75004148EE /* ReservationForm.swift */,
				1BEAF9442A8178D80021EAF8 /* AppDelegate.swift */,
				1BEAF9462A8179700021EAF8 /* SceneDelegate.swift */,
				1B3E76BC2A6F671D00F1C3D8 /* Assets.xcassets */,
				1B3E76E22A71CF7000F1C3D8 /* Gmail-logo.svg */,
				1B3E76BE2A6F671D00F1C3D8 /* Preview Content */,
			);
			path = "Call App";
			sourceTree = "<group>";
		};
		1B3E76BE2A6F671D00F1C3D8 /* Preview Content */ = {
			isa = PBXGroup;
			children = (
				1B3E76BF2A6F671D00F1C3D8 /* Preview Assets.xcassets */,
			);
			path = "Preview Content";
			sourceTree = "<group>";
		};
		1B3E76C82A6F671D00F1C3D8 /* Call AppTests */ = {
			isa = PBXGroup;
			children = (
				1B3E76C92A6F671D00F1C3D8 /* Call_AppTests.swift */,
			);
			path = "Call AppTests";
			sourceTree = "<group>";
		};
		1B3E76D22A6F671D00F1C3D8 /* Call AppUITests */ = {
			isa = PBXGroup;
			children = (
				1B3E76D32A6F671D00F1C3D8 /* Call_AppUITests.swift */,
				1B3E76D52A6F671D00F1C3D8 /* Call_AppUITestsLaunchTests.swift */,
			);
			path = "Call AppUITests";
			sourceTree = "<group>";
		};
		1BB3C0762A868EBB002E8121 /* Components */ = {
			isa = PBXGroup;
			children = (
				1BB3C0772A868ED3002E8121 /* Application.swift */,
			);
			path = Components;
			sourceTree = "<group>";
		};
		1BEAF9372A81776E0021EAF8 /* Views */ = {
			isa = PBXGroup;
			children = (
				1BEAF9382A8177970021EAF8 /* MapViews.swift */,
				1BEAF93A2A8177D80021EAF8 /* PlaceListView.swift */,
			);
			path = Views;
			sourceTree = "<group>";
		};
		1BEAF93C2A8177FF0021EAF8 /* Models */ = {
			isa = PBXGroup;
			children = (
				1BEAF93D2A8178150021EAF8 /* Landmark.swift */,
				1BEAF93F2A81783D0021EAF8 /* LandmarkAnnotation.swift */,
				1BB3C0742A868BF7002E8121 /* SignIn_withGoogle.swift */,
			);
			path = Models;
			sourceTree = "<group>";
		};
		1BEAF9412A81785B0021EAF8 /* Managers */ = {
			isa = PBXGroup;
			children = (
				1BEAF9422A8178760021EAF8 /* LocationManager.swift */,
			);
			path = Managers;
			sourceTree = "<group>";
		};
/* End PBXGroup section */

/* Begin PBXNativeTarget section */
		1B3E76B42A6F671900F1C3D8 /* Call App */ = {
			isa = PBXNativeTarget;
			buildConfigurationList = 1B3E76D92A6F671D00F1C3D8 /* Build configuration list for PBXNativeTarget "Call App" */;
			buildPhases = (
				1B3E76B12A6F671900F1C3D8 /* Sources */,
				1B3E76B22A6F671900F1C3D8 /* Frameworks */,
				1B3E76B32A6F671900F1C3D8 /* Resources */,
			);
			buildRules = (
			);
			dependencies = (
			);
			name = "Call App";
			packageProductDependencies = (
				1BEAF9492A85DC0D0021EAF8 /* FirebaseAuth */,
				1BEAF94B2A85DC0D0021EAF8 /* FirebaseDatabase */,
				1BEAF94D2A85DC0D0021EAF8 /* FirebaseDatabaseSwift */,
				1BEAF9502A85DF4D0021EAF8 /* GoogleSignIn */,
				1BEAF9522A85DF4D0021EAF8 /* GoogleSignInSwift */,
			);
			productName = "Call App";
			productReference = 1B3E76B52A6F671900F1C3D8 /* Call App.app */;
			productType = "com.apple.product-type.application";
		};
		1B3E76C42A6F671D00F1C3D8 /* Call AppTests */ = {
			isa = PBXNativeTarget;
			buildConfigurationList = 1B3E76DC2A6F671D00F1C3D8 /* Build configuration list for PBXNativeTarget "Call AppTests" */;
			buildPhases = (
				1B3E76C12A6F671D00F1C3D8 /* Sources */,
				1B3E76C22A6F671D00F1C3D8 /* Frameworks */,
				1B3E76C32A6F671D00F1C3D8 /* Resources */,
			);
			buildRules = (
			);
			dependencies = (
				1B3E76C72A6F671D00F1C3D8 /* PBXTargetDependency */,
			);
			name = "Call AppTests";
			productName = "Call AppTests";
			productReference = 1B3E76C52A6F671D00F1C3D8 /* Call AppTests.xctest */;
			productType = "com.apple.product-type.bundle.unit-test";
		};
		1B3E76CE2A6F671D00F1C3D8 /* Call AppUITests */ = {
			isa = PBXNativeTarget;
			buildConfigurationList = 1B3E76DF2A6F671D00F1C3D8 /* Build configuration list for PBXNativeTarget "Call AppUITests" */;
			buildPhases = (
				1B3E76CB2A6F671D00F1C3D8 /* Sources */,
				1B3E76CC2A6F671D00F1C3D8 /* Frameworks */,
				1B3E76CD2A6F671D00F1C3D8 /* Resources */,
			);
			buildRules = (
			);
			dependencies = (
				1B3E76D12A6F671D00F1C3D8 /* PBXTargetDependency */,
			);
			name = "Call AppUITests";
			productName = "Call AppUITests";
			productReference = 1B3E76CF2A6F671D00F1C3D8 /* Call AppUITests.xctest */;
			productType = "com.apple.product-type.bundle.ui-testing";
		};
/* End PBXNativeTarget section */

/* Begin PBXProject section */
		1B3E76AD2A6F671900F1C3D8 /* Project object */ = {
			isa = PBXProject;
			attributes = {
				BuildIndependentTargetsInParallel = 1;
				LastSwiftUpdateCheck = 1420;
				LastUpgradeCheck = 1420;
				TargetAttributes = {
					1B3E76B42A6F671900F1C3D8 = {
						CreatedOnToolsVersion = 14.2;
					};
					1B3E76C42A6F671D00F1C3D8 = {
						CreatedOnToolsVersion = 14.2;
						TestTargetID = 1B3E76B42A6F671900F1C3D8;
					};
					1B3E76CE2A6F671D00F1C3D8 = {
						CreatedOnToolsVersion = 14.2;
						TestTargetID = 1B3E76B42A6F671900F1C3D8;
					};
				};
			};
			buildConfigurationList = 1B3E76B02A6F671900F1C3D8 /* Build configuration list for PBXProject "Call App" */;
			compatibilityVersion = "Xcode 14.0";
			developmentRegion = en;
			hasScannedForEncodings = 0;
			knownRegions = (
				en,
				Base,
			);
			mainGroup = 1B3E76AC2A6F671900F1C3D8;
			packageReferences = (
				1BEAF9482A85DC0D0021EAF8 /* XCRemoteSwiftPackageReference "firebase-ios-sdk" */,
				1BEAF94F2A85DF4D0021EAF8 /* XCRemoteSwiftPackageReference "GoogleSignIn-iOS" */,
			);
			productRefGroup = 1B3E76B62A6F671900F1C3D8 /* Products */;
			projectDirPath = "";
			projectRoot = "";
			targets = (
				1B3E76B42A6F671900F1C3D8 /* Call App */,
				1B3E76C42A6F671D00F1C3D8 /* Call AppTests */,
				1B3E76CE2A6F671D00F1C3D8 /* Call AppUITests */,
			);
		};
/* End PBXProject section */

/* Begin PBXResourcesBuildPhase section */
		1B3E76B32A6F671900F1C3D8 /* Resources */ = {
			isa = PBXResourcesBuildPhase;
			buildActionMask = 2147483647;
			files = (
				1B3E76E32A71CF7000F1C3D8 /* Gmail-logo.svg in Resources */,
				1BEAF9562A85E12C0021EAF8 /* GoogleService-Info.plist in Resources */,
				1B3E76C02A6F671D00F1C3D8 /* Preview Assets.xcassets in Resources */,
				1B3E76BD2A6F671D00F1C3D8 /* Assets.xcassets in Resources */,
			);
			runOnlyForDeploymentPostprocessing = 0;
		};
		1B3E76C32A6F671D00F1C3D8 /* Resources */ = {
			isa = PBXResourcesBuildPhase;
			buildActionMask = 2147483647;
			files = (
			);
			runOnlyForDeploymentPostprocessing = 0;
		};
		1B3E76CD2A6F671D00F1C3D8 /* Resources */ = {
			isa = PBXResourcesBuildPhase;
			buildActionMask = 2147483647;
			files = (
			);
			runOnlyForDeploymentPostprocessing = 0;
		};
/* End PBXResourcesBuildPhase section */

/* Begin PBXSourcesBuildPhase section */
		1B3E76B12A6F671900F1C3D8 /* Sources */ = {
			isa = PBXSourcesBuildPhase;
			buildActionMask = 2147483647;
			files = (
				1BB3C0782A868ED3002E8121 /* Application.swift in Sources */,
				1BEAF9452A8178D80021EAF8 /* AppDelegate.swift in Sources */,
				1B3E76BB2A6F671900F1C3D8 /* ContentView.swift in Sources */,
				1B5A2E7B2A778D47004148EE /* LoginForm.swift in Sources */,
				1BEAF9402A81783D0021EAF8 /* LandmarkAnnotation.swift in Sources */,
				1BEAF9432A8178760021EAF8 /* LocationManager.swift in Sources */,
				1BEAF93B2A8177D80021EAF8 /* PlaceListView.swift in Sources */,
				1BEAF9392A8177980021EAF8 /* MapViews.swift in Sources */,
				1B5A2E7D2A778D75004148EE /* ReservationForm.swift in Sources */,
				1BEAF9472A8179700021EAF8 /* SceneDelegate.swift in Sources */,
				1BEAF93E2A8178150021EAF8 /* Landmark.swift in Sources */,
				1BB3C0752A868BF7002E8121 /* SignIn_withGoogle.swift in Sources */,
				1B3E76B92A6F671900F1C3D8 /* Call_App.swift in Sources */,
				1B5A2E812A778FAD004148EE /* SignUpView.swift in Sources */,
				1B5A2E7F2A778E59004148EE /* Models.swift in Sources */,
			);
			runOnlyForDeploymentPostprocessing = 0;
		};
		1B3E76C12A6F671D00F1C3D8 /* Sources */ = {
			isa = PBXSourcesBuildPhase;
			buildActionMask = 2147483647;
			files = (
				1B3E76CA2A6F671D00F1C3D8 /* Call_AppTests.swift in Sources */,
			);
			runOnlyForDeploymentPostprocessing = 0;
		};
		1B3E76CB2A6F671D00F1C3D8 /* Sources */ = {
			isa = PBXSourcesBuildPhase;
			buildActionMask = 2147483647;
			files = (
				1B3E76D62A6F671D00F1C3D8 /* Call_AppUITestsLaunchTests.swift in Sources */,
				1B3E76D42A6F671D00F1C3D8 /* Call_AppUITests.swift in Sources */,
			);
			runOnlyForDeploymentPostprocessing = 0;
		};
/* End PBXSourcesBuildPhase section */

/* Begin PBXTargetDependency section */
		1B3E76C72A6F671D00F1C3D8 /* PBXTargetDependency */ = {
			isa = PBXTargetDependency;
			target = 1B3E76B42A6F671900F1C3D8 /* Call App */;
			targetProxy = 1B3E76C62A6F671D00F1C3D8 /* PBXContainerItemProxy */;
		};
		1B3E76D12A6F671D00F1C3D8 /* PBXTargetDependency */ = {
			isa = PBXTargetDependency;
			target = 1B3E76B42A6F671900F1C3D8 /* Call App */;
			targetProxy = 1B3E76D02A6F671D00F1C3D8 /* PBXContainerItemProxy */;
		};
/* End PBXTargetDependency section */

/* Begin XCBuildConfiguration section */
		1B3E76D72A6F671D00F1C3D8 /* Debug */ = {
			isa = XCBuildConfiguration;
			buildSettings = {
				ALWAYS_SEARCH_USER_PATHS = NO;
				CLANG_ANALYZER_NONNULL = YES;
				CLANG_ANALYZER_NUMBER_OBJECT_CONVERSION = YES_AGGRESSIVE;
				CLANG_CXX_LANGUAGE_STANDARD = "gnu++20";
				CLANG_ENABLE_MODULES = YES;
				CLANG_ENABLE_OBJC_ARC = YES;
				CLANG_ENABLE_OBJC_WEAK = YES;
				CLANG_WARN_BLOCK_CAPTURE_AUTORELEASING = YES;
				CLANG_WARN_BOOL_CONVERSION = YES;
				CLANG_WARN_COMMA = YES;
				CLANG_WARN_CONSTANT_CONVERSION = YES;
				CLANG_WARN_DEPRECATED_OBJC_IMPLEMENTATIONS = YES;
				CLANG_WARN_DIRECT_OBJC_ISA_USAGE = YES_ERROR;
				CLANG_WARN_DOCUMENTATION_COMMENTS = YES;
				CLANG_WARN_EMPTY_BODY = YES;
				CLANG_WARN_ENUM_CONVERSION = YES;
				CLANG_WARN_INFINITE_RECURSION = YES;
				CLANG_WARN_INT_CONVERSION = YES;
				CLANG_WARN_NON_LITERAL_NULL_CONVERSION = YES;
				CLANG_WARN_OBJC_IMPLICIT_RETAIN_SELF = YES;
				CLANG_WARN_OBJC_LITERAL_CONVERSION = YES;
				CLANG_WARN_OBJC_ROOT_CLASS = YES_ERROR;
				CLANG_WARN_QUOTED_INCLUDE_IN_FRAMEWORK_HEADER = YES;
				CLANG_WARN_RANGE_LOOP_ANALYSIS = YES;
				CLANG_WARN_STRICT_PROTOTYPES = YES;
				CLANG_WARN_SUSPICIOUS_MOVE = YES;
				CLANG_WARN_UNGUARDED_AVAILABILITY = YES_AGGRESSIVE;
				CLANG_WARN_UNREACHABLE_CODE = YES;
				CLANG_WARN__DUPLICATE_METHOD_MATCH = YES;
				COPY_PHASE_STRIP = NO;
				DEBUG_INFORMATION_FORMAT = dwarf;
				ENABLE_STRICT_OBJC_MSGSEND = YES;
				ENABLE_TESTABILITY = YES;
				GCC_C_LANGUAGE_STANDARD = gnu11;
				GCC_DYNAMIC_NO_PIC = NO;
				GCC_NO_COMMON_BLOCKS = YES;
				GCC_OPTIMIZATION_LEVEL = 0;
				GCC_PREPROCESSOR_DEFINITIONS = (
					"DEBUG=1",
					"$(inherited)",
				);
				GCC_WARN_64_TO_32_BIT_CONVERSION = YES;
				GCC_WARN_ABOUT_RETURN_TYPE = YES_ERROR;
				GCC_WARN_UNDECLARED_SELECTOR = YES;
				GCC_WARN_UNINITIALIZED_AUTOS = YES_AGGRESSIVE;
				GCC_WARN_UNUSED_FUNCTION = YES;
				GCC_WARN_UNUSED_VARIABLE = YES;
				IPHONEOS_DEPLOYMENT_TARGET = 16.2;
				MTL_ENABLE_DEBUG_INFO = INCLUDE_SOURCE;
				MTL_FAST_MATH = YES;
				ONLY_ACTIVE_ARCH = YES;
				SDKROOT = iphoneos;
				SWIFT_ACTIVE_COMPILATION_CONDITIONS = DEBUG;
				SWIFT_OPTIMIZATION_LEVEL = "-Onone";
			};
			name = Debug;
		};
		1B3E76D82A6F671D00F1C3D8 /* Release */ = {
			isa = XCBuildConfiguration;
			buildSettings = {
				ALWAYS_SEARCH_USER_PATHS = NO;
				CLANG_ANALYZER_NONNULL = YES;
				CLANG_ANALYZER_NUMBER_OBJECT_CONVERSION = YES_AGGRESSIVE;
				CLANG_CXX_LANGUAGE_STANDARD = "gnu++20";
				CLANG_ENABLE_MODULES = YES;
				CLANG_ENABLE_OBJC_ARC = YES;
				CLANG_ENABLE_OBJC_WEAK = YES;
				CLANG_WARN_BLOCK_CAPTURE_AUTORELEASING = YES;
				CLANG_WARN_BOOL_CONVERSION = YES;
				CLANG_WARN_COMMA = YES;
				CLANG_WARN_CONSTANT_CONVERSION = YES;
				CLANG_WARN_DEPRECATED_OBJC_IMPLEMENTATIONS = YES;
				CLANG_WARN_DIRECT_OBJC_ISA_USAGE = YES_ERROR;
				CLANG_WARN_DOCUMENTATION_COMMENTS = YES;
				CLANG_WARN_EMPTY_BODY = YES;
				CLANG_WARN_ENUM_CONVERSION = YES;
				CLANG_WARN_INFINITE_RECURSION = YES;
				CLANG_WARN_INT_CONVERSION = YES;
				CLANG_WARN_NON_LITERAL_NULL_CONVERSION = YES;
				CLANG_WARN_OBJC_IMPLICIT_RETAIN_SELF = YES;
				CLANG_WARN_OBJC_LITERAL_CONVERSION = YES;
				CLANG_WARN_OBJC_ROOT_CLASS = YES_ERROR;
				CLANG_WARN_QUOTED_INCLUDE_IN_FRAMEWORK_HEADER = YES;
				CLANG_WARN_RANGE_LOOP_ANALYSIS = YES;
				CLANG_WARN_STRICT_PROTOTYPES = YES;
				CLANG_WARN_SUSPICIOUS_MOVE = YES;
				CLANG_WARN_UNGUARDED_AVAILABILITY = YES_AGGRESSIVE;
				CLANG_WARN_UNREACHABLE_CODE = YES;
				CLANG_WARN__DUPLICATE_METHOD_MATCH = YES;
				COPY_PHASE_STRIP = NO;
				DEBUG_INFORMATION_FORMAT = "dwarf-with-dsym";
				ENABLE_NS_ASSERTIONS = NO;
				ENABLE_STRICT_OBJC_MSGSEND = YES;
				GCC_C_LANGUAGE_STANDARD = gnu11;
				GCC_NO_COMMON_BLOCKS = YES;
				GCC_WARN_64_TO_32_BIT_CONVERSION = YES;
				GCC_WARN_ABOUT_RETURN_TYPE = YES_ERROR;
				GCC_WARN_UNDECLARED_SELECTOR = YES;
				GCC_WARN_UNINITIALIZED_AUTOS = YES_AGGRESSIVE;
				GCC_WARN_UNUSED_FUNCTION = YES;
				GCC_WARN_UNUSED_VARIABLE = YES;
				IPHONEOS_DEPLOYMENT_TARGET = 16.2;
				MTL_ENABLE_DEBUG_INFO = NO;
				MTL_FAST_MATH = YES;
				SDKROOT = iphoneos;
				SWIFT_COMPILATION_MODE = wholemodule;
				SWIFT_OPTIMIZATION_LEVEL = "-O";
				VALIDATE_PRODUCT = YES;
			};
			name = Release;
		};
		1B3E76DA2A6F671D00F1C3D8 /* Debug */ = {
			isa = XCBuildConfiguration;
			buildSettings = {
				ASSETCATALOG_COMPILER_APPICON_NAME = AppIcon;
				ASSETCATALOG_COMPILER_GLOBAL_ACCENT_COLOR_NAME = AccentColor;
				CODE_SIGN_STYLE = Automatic;
				CURRENT_PROJECT_VERSION = 1;
				DEVELOPMENT_ASSET_PATHS = "\"Call App/Preview Content\"";
				DEVELOPMENT_TEAM = P6F937XBC6;
				ENABLE_PREVIEWS = YES;
				GENERATE_INFOPLIST_FILE = YES;
				INFOPLIST_FILE = "Call-App-Info.plist";
				INFOPLIST_KEY_UIApplicationSceneManifest_Generation = YES;
				INFOPLIST_KEY_UIApplicationSupportsIndirectInputEvents = YES;
				INFOPLIST_KEY_UILaunchScreen_Generation = YES;
				INFOPLIST_KEY_UISupportedInterfaceOrientations_iPad = "UIInterfaceOrientationPortrait UIInterfaceOrientationPortraitUpsideDown UIInterfaceOrientationLandscapeLeft UIInterfaceOrientationLandscapeRight";
				INFOPLIST_KEY_UISupportedInterfaceOrientations_iPhone = "UIInterfaceOrientationPortrait UIInterfaceOrientationLandscapeLeft UIInterfaceOrientationLandscapeRight";
				LD_RUNPATH_SEARCH_PATHS = (
					"$(inherited)",
					"@executable_path/Frameworks",
				);
				MARKETING_VERSION = 1.0;
				PRODUCT_BUNDLE_IDENTIFIER = "Capstone.Call-App";
				PRODUCT_NAME = "$(TARGET_NAME)";
				SWIFT_EMIT_LOC_STRINGS = YES;
				SWIFT_VERSION = 5.0;
				TARGETED_DEVICE_FAMILY = "1,2";
			};
			name = Debug;
		};
		1B3E76DB2A6F671D00F1C3D8 /* Release */ = {
			isa = XCBuildConfiguration;
			buildSettings = {
				ASSETCATALOG_COMPILER_APPICON_NAME = AppIcon;
				ASSETCATALOG_COMPILER_GLOBAL_ACCENT_COLOR_NAME = AccentColor;
				CODE_SIGN_STYLE = Automatic;
				CURRENT_PROJECT_VERSION = 1;
				DEVELOPMENT_ASSET_PATHS = "\"Call App/Preview Content\"";
				DEVELOPMENT_TEAM = P6F937XBC6;
				ENABLE_PREVIEWS = YES;
				GENERATE_INFOPLIST_FILE = YES;
				INFOPLIST_FILE = "Call-App-Info.plist";
				INFOPLIST_KEY_UIApplicationSceneManifest_Generation = YES;
				INFOPLIST_KEY_UIApplicationSupportsIndirectInputEvents = YES;
				INFOPLIST_KEY_UILaunchScreen_Generation = YES;
				INFOPLIST_KEY_UISupportedInterfaceOrientations_iPad = "UIInterfaceOrientationPortrait UIInterfaceOrientationPortraitUpsideDown UIInterfaceOrientationLandscapeLeft UIInterfaceOrientationLandscapeRight";
				INFOPLIST_KEY_UISupportedInterfaceOrientations_iPhone = "UIInterfaceOrientationPortrait UIInterfaceOrientationLandscapeLeft UIInterfaceOrientationLandscapeRight";
				LD_RUNPATH_SEARCH_PATHS = (
					"$(inherited)",
					"@executable_path/Frameworks",
				);
				MARKETING_VERSION = 1.0;
				PRODUCT_BUNDLE_IDENTIFIER = "Capstone.Call-App";
				PRODUCT_NAME = "$(TARGET_NAME)";
				SWIFT_EMIT_LOC_STRINGS = YES;
				SWIFT_VERSION = 5.0;
				TARGETED_DEVICE_FAMILY = "1,2";
			};
			name = Release;
		};
		1B3E76DD2A6F671D00F1C3D8 /* Debug */ = {
			isa = XCBuildConfiguration;
			buildSettings = {
				ALWAYS_EMBED_SWIFT_STANDARD_LIBRARIES = YES;
				BUNDLE_LOADER = "$(TEST_HOST)";
				CODE_SIGN_STYLE = Automatic;
				CURRENT_PROJECT_VERSION = 1;
				DEVELOPMENT_TEAM = P6F937XBC6;
				GENERATE_INFOPLIST_FILE = YES;
				IPHONEOS_DEPLOYMENT_TARGET = 16.2;
				MARKETING_VERSION = 1.0;
				PRODUCT_BUNDLE_IDENTIFIER = "Capstone.Call-AppTests";
				PRODUCT_NAME = "$(TARGET_NAME)";
				SWIFT_EMIT_LOC_STRINGS = NO;
				SWIFT_VERSION = 5.0;
				TARGETED_DEVICE_FAMILY = "1,2";
				TEST_HOST = "$(BUILT_PRODUCTS_DIR)/Call App.app/$(BUNDLE_EXECUTABLE_FOLDER_PATH)/Call App";
			};
			name = Debug;
		};
		1B3E76DE2A6F671D00F1C3D8 /* Release */ = {
			isa = XCBuildConfiguration;
			buildSettings = {
				ALWAYS_EMBED_SWIFT_STANDARD_LIBRARIES = YES;
				BUNDLE_LOADER = "$(TEST_HOST)";
				CODE_SIGN_STYLE = Automatic;
				CURRENT_PROJECT_VERSION = 1;
				DEVELOPMENT_TEAM = P6F937XBC6;
				GENERATE_INFOPLIST_FILE = YES;
				IPHONEOS_DEPLOYMENT_TARGET = 16.2;
				MARKETING_VERSION = 1.0;
				PRODUCT_BUNDLE_IDENTIFIER = "Capstone.Call-AppTests";
				PRODUCT_NAME = "$(TARGET_NAME)";
				SWIFT_EMIT_LOC_STRINGS = NO;
				SWIFT_VERSION = 5.0;
				TARGETED_DEVICE_FAMILY = "1,2";
				TEST_HOST = "$(BUILT_PRODUCTS_DIR)/Call App.app/$(BUNDLE_EXECUTABLE_FOLDER_PATH)/Call App";
			};
			name = Release;
		};
		1B3E76E02A6F671D00F1C3D8 /* Debug */ = {
			isa = XCBuildConfiguration;
			buildSettings = {
				ALWAYS_EMBED_SWIFT_STANDARD_LIBRARIES = YES;
				CODE_SIGN_STYLE = Automatic;
				CURRENT_PROJECT_VERSION = 1;
				DEVELOPMENT_TEAM = P6F937XBC6;
				GENERATE_INFOPLIST_FILE = YES;
				MARKETING_VERSION = 1.0;
				PRODUCT_BUNDLE_IDENTIFIER = "Capstone.Call-AppUITests";
				PRODUCT_NAME = "$(TARGET_NAME)";
				SWIFT_EMIT_LOC_STRINGS = NO;
				SWIFT_VERSION = 5.0;
				TARGETED_DEVICE_FAMILY = "1,2";
				TEST_TARGET_NAME = "Call App";
			};
			name = Debug;
		};
		1B3E76E12A6F671D00F1C3D8 /* Release */ = {
			isa = XCBuildConfiguration;
			buildSettings = {
				ALWAYS_EMBED_SWIFT_STANDARD_LIBRARIES = YES;
				CODE_SIGN_STYLE = Automatic;
				CURRENT_PROJECT_VERSION = 1;
				DEVELOPMENT_TEAM = P6F937XBC6;
				GENERATE_INFOPLIST_FILE = YES;
				MARKETING_VERSION = 1.0;
				PRODUCT_BUNDLE_IDENTIFIER = "Capstone.Call-AppUITests";
				PRODUCT_NAME = "$(TARGET_NAME)";
				SWIFT_EMIT_LOC_STRINGS = NO;
				SWIFT_VERSION = 5.0;
				TARGETED_DEVICE_FAMILY = "1,2";
				TEST_TARGET_NAME = "Call App";
			};
			name = Release;
		};
/* End XCBuildConfiguration section */

/* Begin XCConfigurationList section */
		1B3E76B02A6F671900F1C3D8 /* Build configuration list for PBXProject "Call App" */ = {
			isa = XCConfigurationList;
			buildConfigurations = (
				1B3E76D72A6F671D00F1C3D8 /* Debug */,
				1B3E76D82A6F671D00F1C3D8 /* Release */,
			);
			defaultConfigurationIsVisible = 0;
			defaultConfigurationName = Release;
		};
		1B3E76D92A6F671D00F1C3D8 /* Build configuration list for PBXNativeTarget "Call App" */ = {
			isa = XCConfigurationList;
			buildConfigurations = (
				1B3E76DA2A6F671D00F1C3D8 /* Debug */,
				1B3E76DB2A6F671D00F1C3D8 /* Release */,
			);
			defaultConfigurationIsVisible = 0;
			defaultConfigurationName = Release;
		};
		1B3E76DC2A6F671D00F1C3D8 /* Build configuration list for PBXNativeTarget "Call AppTests" */ = {
			isa = XCConfigurationList;
			buildConfigurations = (
				1B3E76DD2A6F671D00F1C3D8 /* Debug */,
				1B3E76DE2A6F671D00F1C3D8 /* Release */,
			);
			defaultConfigurationIsVisible = 0;
			defaultConfigurationName = Release;
		};
		1B3E76DF2A6F671D00F1C3D8 /* Build configuration list for PBXNativeTarget "Call AppUITests" */ = {
			isa = XCConfigurationList;
			buildConfigurations = (
				1B3E76E02A6F671D00F1C3D8 /* Debug */,
				1B3E76E12A6F671D00F1C3D8 /* Release */,
			);
			defaultConfigurationIsVisible = 0;
			defaultConfigurationName = Release;
		};
/* End XCConfigurationList section */

/* Begin XCRemoteSwiftPackageReference section */
		1BEAF9482A85DC0D0021EAF8 /* XCRemoteSwiftPackageReference "firebase-ios-sdk" */ = {
			isa = XCRemoteSwiftPackageReference;
			repositoryURL = "https://github.com/firebase/firebase-ios-sdk.git";
			requirement = {
				kind = upToNextMajorVersion;
				minimumVersion = 9.0.0;
			};
		};
		1BEAF94F2A85DF4D0021EAF8 /* XCRemoteSwiftPackageReference "GoogleSignIn-iOS" */ = {
			isa = XCRemoteSwiftPackageReference;
			repositoryURL = "https://github.com/google/GoogleSignIn-iOS.git";
			requirement = {
				kind = upToNextMajorVersion;
				minimumVersion = 7.0.0;
			};
		};
/* End XCRemoteSwiftPackageReference section */

/* Begin XCSwiftPackageProductDependency section */
		1BEAF9492A85DC0D0021EAF8 /* FirebaseAuth */ = {
			isa = XCSwiftPackageProductDependency;
			package = 1BEAF9482A85DC0D0021EAF8 /* XCRemoteSwiftPackageReference "firebase-ios-sdk" */;
			productName = FirebaseAuth;
		};
		1BEAF94B2A85DC0D0021EAF8 /* FirebaseDatabase */ = {
			isa = XCSwiftPackageProductDependency;
			package = 1BEAF9482A85DC0D0021EAF8 /* XCRemoteSwiftPackageReference "firebase-ios-sdk" */;
			productName = FirebaseDatabase;
		};
		1BEAF94D2A85DC0D0021EAF8 /* FirebaseDatabaseSwift */ = {
			isa = XCSwiftPackageProductDependency;
			package = 1BEAF9482A85DC0D0021EAF8 /* XCRemoteSwiftPackageReference "firebase-ios-sdk" */;
			productName = FirebaseDatabaseSwift;
		};
		1BEAF9502A85DF4D0021EAF8 /* GoogleSignIn */ = {
			isa = XCSwiftPackageProductDependency;
			package = 1BEAF94F2A85DF4D0021EAF8 /* XCRemoteSwiftPackageReference "GoogleSignIn-iOS" */;
			productName = GoogleSignIn;
		};
		1BEAF9522A85DF4D0021EAF8 /* GoogleSignInSwift */ = {
			isa = XCSwiftPackageProductDependency;
			package = 1BEAF94F2A85DF4D0021EAF8 /* XCRemoteSwiftPackageReference "GoogleSignIn-iOS" */;
			productName = GoogleSignInSwift;
		};
/* End XCSwiftPackageProductDependency section */
	};
	rootObject = 1B3E76AD2A6F671900F1C3D8 /* Project object */;
}
